
Microsoft Visual Studio Solution File, Format Version 12.00
# Visual Studio Version 17
VisualStudioVersion = 17.13.35825.156 d17.13
MinimumVisualStudioVersion = 10.0.40219.1
Project("{FAE04EC0-301F-11D3-BF4B-00C04F79EFBC}") = "Warehouse Management App", "Warehouse Management App.csproj", "{83B356CE-B294-4E4A-9111-D4F950AF22D3}"
EndProject
Global
	GlobalSection(SolutionConfigurationPlatforms) = preSolution
		Debug|Any CPU = Debug|Any CPU
		Release|Any CPU = Release|Any CPU
	EndGlobalSection
	GlobalSection(ProjectConfigurationPlatforms) = postSolution
		{83B356CE-B294-4E4A-9111-D4F950AF22D3}.Debug|Any CPU.ActiveCfg = Debug|Any CPU
		{83B356CE-B294-4E4A-9111-D4F950AF22D3}.Debug|Any CPU.Build.0 = Debug|Any CPU
		{83B356CE-B294-4E4A-9111-D4F950AF22D3}.Release|Any CPU.ActiveCfg = Release|Any CPU
		{83B356CE-B294-4E4A-9111-D4F950AF22D3}.Release|Any CPU.Build.0 = Release|Any CPU
	EndGlobalSection
	GlobalSection(SolutionProperties) = preSolution
		HideSolutionNode = FALSE
	EndGlobalSection
	GlobalSection(ExtensibilityGlobals) = postSolution
		SolutionGuid = {59DD6CA7-E0E7-42CC-8EAA-315C613BB0F2}
	EndGlobalSection
EndGlobal
